
Microsoft Visual Studio Solution File, Format Version 12.00
# Visual Studio 15
VisualStudioVersion = 15.0.27004.2002
MinimumVisualStudioVersion = 10.0.40219.1
Project("{FAE04EC0-301F-11D3-BF4B-00C04F79EFBC}") = "ValueConverterDemo", "WpfApp2\ValueConverterDemo.csproj", "{8207390F-BE7D-49C8-A9A8-12D6DDD0009A}"
EndProject
Global
	GlobalSection(SolutionConfigurationPlatforms) = preSolution
		Debug|Any CPU = Debug|Any CPU
		Release|Any CPU = Release|Any CPU
	EndGlobalSection
	GlobalSection(ProjectConfigurationPlatforms) = postSolution
		{8207390F-BE7D-49C8-A9A8-12D6DDD0009A}.Debug|Any CPU.ActiveCfg = Debug|Any CPU
		{8207390F-BE7D-49C8-A9A8-12D6DDD0009A}.Debug|Any CPU.Build.0 = Debug|Any CPU
		{8207390F-BE7D-49C8-A9A8-12D6DDD0009A}.Release|Any CPU.ActiveCfg = Release|Any CPU
		{8207390F-BE7D-49C8-A9A8-12D6DDD0009A}.Release|Any CPU.Build.0 = Release|Any CPU
	EndGlobalSection
	GlobalSection(SolutionProperties) = preSolution
		HideSolutionNode = FALSE
	EndGlobalSection
	GlobalSection(ExtensibilityGlobals) = postSolution
		SolutionGuid = {25BCD66F-E20E-4DFD-8EF1-1AAB0910984C}
	EndGlobalSection
EndGlobal
