
Microsoft Visual Studio Solution File, Format Version 12.00
# Visual Studio 15
VisualStudioVersion = 15.0.27004.2002
MinimumVisualStudioVersion = 10.0.40219.1
Project("{FAE04EC0-301F-11D3-BF4B-00C04F79EFBC}") = "LuckyMinerWCFService", "LuckyMinerWCFService\LuckyMinerWCFService.csproj", "{809B486D-0D86-4672-9743-15E6CADA0240}"
EndProject
Project("{FAE04EC0-301F-11D3-BF4B-00C04F79EFBC}") = "LuckyMinerWCFService.Host", "LuckyMinerWCFService.Host\LuckyMinerWCFService.Host.csproj", "{4A14FCE5-4D4E-4371-8AC6-A847D4F00F8B}"
EndProject
Project("{FAE04EC0-301F-11D3-BF4B-00C04F79EFBC}") = "LuckyMinerWCFService.Contracts", "LuckyMinerWCFService.Contracts\LuckyMinerWCFService.Contracts.csproj", "{2807FB04-0C74-4CF4-B8C7-2E14DFD9529A}"
EndProject
Project("{FAE04EC0-301F-11D3-BF4B-00C04F79EFBC}") = "LuckyMinerWCFService.Service", "LuckyMinerWCFService.Service\LuckyMinerWCFService.Service.csproj", "{EFAC5DE1-788D-4BB6-8866-2C936BA595D4}"
EndProject
Project("{FAE04EC0-301F-11D3-BF4B-00C04F79EFBC}") = "LuckyMinerWCFService.Proxy", "LuckyMinerWCFService.Proxy\LuckyMinerWCFService.Proxy.csproj", "{80848CC3-9C0A-45FC-937D-549892D5B85F}"
EndProject
Global
	GlobalSection(SolutionConfigurationPlatforms) = preSolution
		Debug|Any CPU = Debug|Any CPU
		Release|Any CPU = Release|Any CPU
	EndGlobalSection
	GlobalSection(ProjectConfigurationPlatforms) = postSolution
		{809B486D-0D86-4672-9743-15E6CADA0240}.Debug|Any CPU.ActiveCfg = Debug|Any CPU
		{809B486D-0D86-4672-9743-15E6CADA0240}.Debug|Any CPU.Build.0 = Debug|Any CPU
		{809B486D-0D86-4672-9743-15E6CADA0240}.Release|Any CPU.ActiveCfg = Release|Any CPU
		{809B486D-0D86-4672-9743-15E6CADA0240}.Release|Any CPU.Build.0 = Release|Any CPU
		{4A14FCE5-4D4E-4371-8AC6-A847D4F00F8B}.Debug|Any CPU.ActiveCfg = Debug|Any CPU
		{4A14FCE5-4D4E-4371-8AC6-A847D4F00F8B}.Debug|Any CPU.Build.0 = Debug|Any CPU
		{4A14FCE5-4D4E-4371-8AC6-A847D4F00F8B}.Release|Any CPU.ActiveCfg = Release|Any CPU
		{4A14FCE5-4D4E-4371-8AC6-A847D4F00F8B}.Release|Any CPU.Build.0 = Release|Any CPU
		{2807FB04-0C74-4CF4-B8C7-2E14DFD9529A}.Debug|Any CPU.ActiveCfg = Debug|Any CPU
		{2807FB04-0C74-4CF4-B8C7-2E14DFD9529A}.Debug|Any CPU.Build.0 = Debug|Any CPU
		{2807FB04-0C74-4CF4-B8C7-2E14DFD9529A}.Release|Any CPU.ActiveCfg = Release|Any CPU
		{2807FB04-0C74-4CF4-B8C7-2E14DFD9529A}.Release|Any CPU.Build.0 = Release|Any CPU
		{EFAC5DE1-788D-4BB6-8866-2C936BA595D4}.Debug|Any CPU.ActiveCfg = Debug|Any CPU
		{EFAC5DE1-788D-4BB6-8866-2C936BA595D4}.Debug|Any CPU.Build.0 = Debug|Any CPU
		{EFAC5DE1-788D-4BB6-8866-2C936BA595D4}.Release|Any CPU.ActiveCfg = Release|Any CPU
		{EFAC5DE1-788D-4BB6-8866-2C936BA595D4}.Release|Any CPU.Build.0 = Release|Any CPU
		{80848CC3-9C0A-45FC-937D-549892D5B85F}.Debug|Any CPU.ActiveCfg = Debug|Any CPU
		{80848CC3-9C0A-45FC-937D-549892D5B85F}.Debug|Any CPU.Build.0 = Debug|Any CPU
		{80848CC3-9C0A-45FC-937D-549892D5B85F}.Release|Any CPU.ActiveCfg = Release|Any CPU
		{80848CC3-9C0A-45FC-937D-549892D5B85F}.Release|Any CPU.Build.0 = Release|Any CPU
	EndGlobalSection
	GlobalSection(SolutionProperties) = preSolution
		HideSolutionNode = FALSE
	EndGlobalSection
	GlobalSection(ExtensibilityGlobals) = postSolution
		SolutionGuid = {481417B5-7E25-4750-AC9C-E271217576F1}
	EndGlobalSection
EndGlobal
