
Microsoft Visual Studio Solution File, Format Version 12.00
# Visual Studio 15
VisualStudioVersion = 15.0.26730.10
MinimumVisualStudioVersion = 10.0.40219.1
Project("{FAE04EC0-301F-11D3-BF4B-00C04F79EFBC}") = "WCF_Demo.Contracts", "WCF_Demo.Contracts\WCF_Demo.Contracts.csproj", "{CA5013A5-83C3-4BB5-BF3F-98DEA2D5CAA4}"
EndProject
Project("{FAE04EC0-301F-11D3-BF4B-00C04F79EFBC}") = "WCF_Demo.Services", "WCF_Demo.Services\WCF_Demo.Services.csproj", "{8D456CCC-50C3-4FC1-958D-4A88FA91136B}"
EndProject
Project("{FAE04EC0-301F-11D3-BF4B-00C04F79EFBC}") = "WCF_Demo.Data", "WCF_Demo.Data\WCF_Demo.Data.csproj", "{6BF1F946-A467-48A5-AFE3-12D9DB5DBE71}"
EndProject
Project("{FAE04EC0-301F-11D3-BF4B-00C04F79EFBC}") = "WCF_Demo.Hosts", "WCF_Demo.Hosts\WCF_Demo.Hosts.csproj", "{FFE489AF-8D57-4125-800D-D1D267D51DCB}"
EndProject
Project("{FAE04EC0-301F-11D3-BF4B-00C04F79EFBC}") = "WCF_Demo.WebHosts", "WCF_Demo.WebHosts\WCF_Demo.WebHosts.csproj", "{35F569B7-52A7-4813-BF60-B4969930AB66}"
EndProject
Project("{FAE04EC0-301F-11D3-BF4B-00C04F79EFBC}") = "WCF_Demo.Proxies", "WCF_Demo.Proxies\WCF_Demo.Proxies.csproj", "{1961683F-174B-46B0-88FB-FB6CC697A3F1}"
EndProject
Project("{FAE04EC0-301F-11D3-BF4B-00C04F79EFBC}") = "WCF_Demo.Client", "WCF_Demo.Client\WCF_Demo.Client.csproj", "{A9697EFD-9546-4C17-BF6C-459BEC169E61}"
EndProject
Global
	GlobalSection(SolutionConfigurationPlatforms) = preSolution
		Debug|Any CPU = Debug|Any CPU
		Debug|ARM = Debug|ARM
		Debug|x64 = Debug|x64
		Debug|x86 = Debug|x86
		Release|Any CPU = Release|Any CPU
		Release|ARM = Release|ARM
		Release|x64 = Release|x64
		Release|x86 = Release|x86
	EndGlobalSection
	GlobalSection(ProjectConfigurationPlatforms) = postSolution
		{CA5013A5-83C3-4BB5-BF3F-98DEA2D5CAA4}.Debug|Any CPU.ActiveCfg = Debug|Any CPU
		{CA5013A5-83C3-4BB5-BF3F-98DEA2D5CAA4}.Debug|Any CPU.Build.0 = Debug|Any CPU
		{CA5013A5-83C3-4BB5-BF3F-98DEA2D5CAA4}.Debug|ARM.ActiveCfg = Debug|Any CPU
		{CA5013A5-83C3-4BB5-BF3F-98DEA2D5CAA4}.Debug|ARM.Build.0 = Debug|Any CPU
		{CA5013A5-83C3-4BB5-BF3F-98DEA2D5CAA4}.Debug|x64.ActiveCfg = Debug|Any CPU
		{CA5013A5-83C3-4BB5-BF3F-98DEA2D5CAA4}.Debug|x64.Build.0 = Debug|Any CPU
		{CA5013A5-83C3-4BB5-BF3F-98DEA2D5CAA4}.Debug|x86.ActiveCfg = Debug|Any CPU
		{CA5013A5-83C3-4BB5-BF3F-98DEA2D5CAA4}.Debug|x86.Build.0 = Debug|Any CPU
		{CA5013A5-83C3-4BB5-BF3F-98DEA2D5CAA4}.Release|Any CPU.ActiveCfg = Release|Any CPU
		{CA5013A5-83C3-4BB5-BF3F-98DEA2D5CAA4}.Release|Any CPU.Build.0 = Release|Any CPU
		{CA5013A5-83C3-4BB5-BF3F-98DEA2D5CAA4}.Release|ARM.ActiveCfg = Release|Any CPU
		{CA5013A5-83C3-4BB5-BF3F-98DEA2D5CAA4}.Release|ARM.Build.0 = Release|Any CPU
		{CA5013A5-83C3-4BB5-BF3F-98DEA2D5CAA4}.Release|x64.ActiveCfg = Release|Any CPU
		{CA5013A5-83C3-4BB5-BF3F-98DEA2D5CAA4}.Release|x64.Build.0 = Release|Any CPU
		{CA5013A5-83C3-4BB5-BF3F-98DEA2D5CAA4}.Release|x86.ActiveCfg = Release|Any CPU
		{CA5013A5-83C3-4BB5-BF3F-98DEA2D5CAA4}.Release|x86.Build.0 = Release|Any CPU
		{8D456CCC-50C3-4FC1-958D-4A88FA91136B}.Debug|Any CPU.ActiveCfg = Debug|Any CPU
		{8D456CCC-50C3-4FC1-958D-4A88FA91136B}.Debug|Any CPU.Build.0 = Debug|Any CPU
		{8D456CCC-50C3-4FC1-958D-4A88FA91136B}.Debug|ARM.ActiveCfg = Debug|Any CPU
		{8D456CCC-50C3-4FC1-958D-4A88FA91136B}.Debug|ARM.Build.0 = Debug|Any CPU
		{8D456CCC-50C3-4FC1-958D-4A88FA91136B}.Debug|x64.ActiveCfg = Debug|Any CPU
		{8D456CCC-50C3-4FC1-958D-4A88FA91136B}.Debug|x64.Build.0 = Debug|Any CPU
		{8D456CCC-50C3-4FC1-958D-4A88FA91136B}.Debug|x86.ActiveCfg = Debug|Any CPU
		{8D456CCC-50C3-4FC1-958D-4A88FA91136B}.Debug|x86.Build.0 = Debug|Any CPU
		{8D456CCC-50C3-4FC1-958D-4A88FA91136B}.Release|Any CPU.ActiveCfg = Release|Any CPU
		{8D456CCC-50C3-4FC1-958D-4A88FA91136B}.Release|Any CPU.Build.0 = Release|Any CPU
		{8D456CCC-50C3-4FC1-958D-4A88FA91136B}.Release|ARM.ActiveCfg = Release|Any CPU
		{8D456CCC-50C3-4FC1-958D-4A88FA91136B}.Release|ARM.Build.0 = Release|Any CPU
		{8D456CCC-50C3-4FC1-958D-4A88FA91136B}.Release|x64.ActiveCfg = Release|Any CPU
		{8D456CCC-50C3-4FC1-958D-4A88FA91136B}.Release|x64.Build.0 = Release|Any CPU
		{8D456CCC-50C3-4FC1-958D-4A88FA91136B}.Release|x86.ActiveCfg = Release|Any CPU
		{8D456CCC-50C3-4FC1-958D-4A88FA91136B}.Release|x86.Build.0 = Release|Any CPU
		{6BF1F946-A467-48A5-AFE3-12D9DB5DBE71}.Debug|Any CPU.ActiveCfg = Debug|Any CPU
		{6BF1F946-A467-48A5-AFE3-12D9DB5DBE71}.Debug|Any CPU.Build.0 = Debug|Any CPU
		{6BF1F946-A467-48A5-AFE3-12D9DB5DBE71}.Debug|ARM.ActiveCfg = Debug|Any CPU
		{6BF1F946-A467-48A5-AFE3-12D9DB5DBE71}.Debug|ARM.Build.0 = Debug|Any CPU
		{6BF1F946-A467-48A5-AFE3-12D9DB5DBE71}.Debug|x64.ActiveCfg = Debug|Any CPU
		{6BF1F946-A467-48A5-AFE3-12D9DB5DBE71}.Debug|x64.Build.0 = Debug|Any CPU
		{6BF1F946-A467-48A5-AFE3-12D9DB5DBE71}.Debug|x86.ActiveCfg = Debug|Any CPU
		{6BF1F946-A467-48A5-AFE3-12D9DB5DBE71}.Debug|x86.Build.0 = Debug|Any CPU
		{6BF1F946-A467-48A5-AFE3-12D9DB5DBE71}.Release|Any CPU.ActiveCfg = Release|Any CPU
		{6BF1F946-A467-48A5-AFE3-12D9DB5DBE71}.Release|Any CPU.Build.0 = Release|Any CPU
		{6BF1F946-A467-48A5-AFE3-12D9DB5DBE71}.Release|ARM.ActiveCfg = Release|Any CPU
		{6BF1F946-A467-48A5-AFE3-12D9DB5DBE71}.Release|ARM.Build.0 = Release|Any CPU
		{6BF1F946-A467-48A5-AFE3-12D9DB5DBE71}.Release|x64.ActiveCfg = Release|Any CPU
		{6BF1F946-A467-48A5-AFE3-12D9DB5DBE71}.Release|x64.Build.0 = Release|Any CPU
		{6BF1F946-A467-48A5-AFE3-12D9DB5DBE71}.Release|x86.ActiveCfg = Release|Any CPU
		{6BF1F946-A467-48A5-AFE3-12D9DB5DBE71}.Release|x86.Build.0 = Release|Any CPU
		{FFE489AF-8D57-4125-800D-D1D267D51DCB}.Debug|Any CPU.ActiveCfg = Debug|Any CPU
		{FFE489AF-8D57-4125-800D-D1D267D51DCB}.Debug|Any CPU.Build.0 = Debug|Any CPU
		{FFE489AF-8D57-4125-800D-D1D267D51DCB}.Debug|ARM.ActiveCfg = Debug|Any CPU
		{FFE489AF-8D57-4125-800D-D1D267D51DCB}.Debug|ARM.Build.0 = Debug|Any CPU
		{FFE489AF-8D57-4125-800D-D1D267D51DCB}.Debug|x64.ActiveCfg = Debug|Any CPU
		{FFE489AF-8D57-4125-800D-D1D267D51DCB}.Debug|x64.Build.0 = Debug|Any CPU
		{FFE489AF-8D57-4125-800D-D1D267D51DCB}.Debug|x86.ActiveCfg = Debug|Any CPU
		{FFE489AF-8D57-4125-800D-D1D267D51DCB}.Debug|x86.Build.0 = Debug|Any CPU
		{FFE489AF-8D57-4125-800D-D1D267D51DCB}.Release|Any CPU.ActiveCfg = Release|Any CPU
		{FFE489AF-8D57-4125-800D-D1D267D51DCB}.Release|Any CPU.Build.0 = Release|Any CPU
		{FFE489AF-8D57-4125-800D-D1D267D51DCB}.Release|ARM.ActiveCfg = Release|Any CPU
		{FFE489AF-8D57-4125-800D-D1D267D51DCB}.Release|ARM.Build.0 = Release|Any CPU
		{FFE489AF-8D57-4125-800D-D1D267D51DCB}.Release|x64.ActiveCfg = Release|Any CPU
		{FFE489AF-8D57-4125-800D-D1D267D51DCB}.Release|x64.Build.0 = Release|Any CPU
		{FFE489AF-8D57-4125-800D-D1D267D51DCB}.Release|x86.ActiveCfg = Release|Any CPU
		{FFE489AF-8D57-4125-800D-D1D267D51DCB}.Release|x86.Build.0 = Release|Any CPU
		{35F569B7-52A7-4813-BF60-B4969930AB66}.Debug|Any CPU.ActiveCfg = Debug|Any CPU
		{35F569B7-52A7-4813-BF60-B4969930AB66}.Debug|Any CPU.Build.0 = Debug|Any CPU
		{35F569B7-52A7-4813-BF60-B4969930AB66}.Debug|ARM.ActiveCfg = Debug|Any CPU
		{35F569B7-52A7-4813-BF60-B4969930AB66}.Debug|ARM.Build.0 = Debug|Any CPU
		{35F569B7-52A7-4813-BF60-B4969930AB66}.Debug|x64.ActiveCfg = Debug|Any CPU
		{35F569B7-52A7-4813-BF60-B4969930AB66}.Debug|x64.Build.0 = Debug|Any CPU
		{35F569B7-52A7-4813-BF60-B4969930AB66}.Debug|x86.ActiveCfg = Debug|Any CPU
		{35F569B7-52A7-4813-BF60-B4969930AB66}.Debug|x86.Build.0 = Debug|Any CPU
		{35F569B7-52A7-4813-BF60-B4969930AB66}.Release|Any CPU.ActiveCfg = Release|Any CPU
		{35F569B7-52A7-4813-BF60-B4969930AB66}.Release|Any CPU.Build.0 = Release|Any CPU
		{35F569B7-52A7-4813-BF60-B4969930AB66}.Release|ARM.ActiveCfg = Release|Any CPU
		{35F569B7-52A7-4813-BF60-B4969930AB66}.Release|ARM.Build.0 = Release|Any CPU
		{35F569B7-52A7-4813-BF60-B4969930AB66}.Release|x64.ActiveCfg = Release|Any CPU
		{35F569B7-52A7-4813-BF60-B4969930AB66}.Release|x64.Build.0 = Release|Any CPU
		{35F569B7-52A7-4813-BF60-B4969930AB66}.Release|x86.ActiveCfg = Release|Any CPU
		{35F569B7-52A7-4813-BF60-B4969930AB66}.Release|x86.Build.0 = Release|Any CPU
		{1961683F-174B-46B0-88FB-FB6CC697A3F1}.Debug|Any CPU.ActiveCfg = Debug|Any CPU
		{1961683F-174B-46B0-88FB-FB6CC697A3F1}.Debug|Any CPU.Build.0 = Debug|Any CPU
		{1961683F-174B-46B0-88FB-FB6CC697A3F1}.Debug|ARM.ActiveCfg = Debug|Any CPU
		{1961683F-174B-46B0-88FB-FB6CC697A3F1}.Debug|ARM.Build.0 = Debug|Any CPU
		{1961683F-174B-46B0-88FB-FB6CC697A3F1}.Debug|x64.ActiveCfg = Debug|Any CPU
		{1961683F-174B-46B0-88FB-FB6CC697A3F1}.Debug|x64.Build.0 = Debug|Any CPU
		{1961683F-174B-46B0-88FB-FB6CC697A3F1}.Debug|x86.ActiveCfg = Debug|Any CPU
		{1961683F-174B-46B0-88FB-FB6CC697A3F1}.Debug|x86.Build.0 = Debug|Any CPU
		{1961683F-174B-46B0-88FB-FB6CC697A3F1}.Release|Any CPU.ActiveCfg = Release|Any CPU
		{1961683F-174B-46B0-88FB-FB6CC697A3F1}.Release|Any CPU.Build.0 = Release|Any CPU
		{1961683F-174B-46B0-88FB-FB6CC697A3F1}.Release|ARM.ActiveCfg = Release|Any CPU
		{1961683F-174B-46B0-88FB-FB6CC697A3F1}.Release|ARM.Build.0 = Release|Any CPU
		{1961683F-174B-46B0-88FB-FB6CC697A3F1}.Release|x64.ActiveCfg = Release|Any CPU
		{1961683F-174B-46B0-88FB-FB6CC697A3F1}.Release|x64.Build.0 = Release|Any CPU
		{1961683F-174B-46B0-88FB-FB6CC697A3F1}.Release|x86.ActiveCfg = Release|Any CPU
		{1961683F-174B-46B0-88FB-FB6CC697A3F1}.Release|x86.Build.0 = Release|Any CPU
		{A9697EFD-9546-4C17-BF6C-459BEC169E61}.Debug|Any CPU.ActiveCfg = Debug|Any CPU
		{A9697EFD-9546-4C17-BF6C-459BEC169E61}.Debug|Any CPU.Build.0 = Debug|Any CPU
		{A9697EFD-9546-4C17-BF6C-459BEC169E61}.Debug|ARM.ActiveCfg = Debug|Any CPU
		{A9697EFD-9546-4C17-BF6C-459BEC169E61}.Debug|ARM.Build.0 = Debug|Any CPU
		{A9697EFD-9546-4C17-BF6C-459BEC169E61}.Debug|x64.ActiveCfg = Debug|Any CPU
		{A9697EFD-9546-4C17-BF6C-459BEC169E61}.Debug|x64.Build.0 = Debug|Any CPU
		{A9697EFD-9546-4C17-BF6C-459BEC169E61}.Debug|x86.ActiveCfg = Debug|Any CPU
		{A9697EFD-9546-4C17-BF6C-459BEC169E61}.Debug|x86.Build.0 = Debug|Any CPU
		{A9697EFD-9546-4C17-BF6C-459BEC169E61}.Release|Any CPU.ActiveCfg = Release|Any CPU
		{A9697EFD-9546-4C17-BF6C-459BEC169E61}.Release|Any CPU.Build.0 = Release|Any CPU
		{A9697EFD-9546-4C17-BF6C-459BEC169E61}.Release|ARM.ActiveCfg = Release|Any CPU
		{A9697EFD-9546-4C17-BF6C-459BEC169E61}.Release|ARM.Build.0 = Release|Any CPU
		{A9697EFD-9546-4C17-BF6C-459BEC169E61}.Release|x64.ActiveCfg = Release|Any CPU
		{A9697EFD-9546-4C17-BF6C-459BEC169E61}.Release|x64.Build.0 = Release|Any CPU
		{A9697EFD-9546-4C17-BF6C-459BEC169E61}.Release|x86.ActiveCfg = Release|Any CPU
		{A9697EFD-9546-4C17-BF6C-459BEC169E61}.Release|x86.Build.0 = Release|Any CPU
	EndGlobalSection
	GlobalSection(SolutionProperties) = preSolution
		HideSolutionNode = FALSE
	EndGlobalSection
	GlobalSection(ExtensibilityGlobals) = postSolution
		SolutionGuid = {8FF09C25-9D95-4D00-A838-AAFFB0FF97DF}
	EndGlobalSection
EndGlobal
