
Microsoft Visual Studio Solution File, Format Version 12.00
# Visual Studio 15
VisualStudioVersion = 15.0.26730.10
MinimumVisualStudioVersion = 10.0.40219.1
Project("{FAE04EC0-301F-11D3-BF4B-00C04F79EFBC}") = "WCF_Demo", "WCF_Demo\WCF_Demo.csproj", "{BE8A45BA-AABD-411C-81A4-B92DD86EC340}"
EndProject
Project("{FAE04EC0-301F-11D3-BF4B-00C04F79EFBC}") = "WCF_Demo.Contracts", "WCF_Demo.Contracts\WCF_Demo.Contracts.csproj", "{CA5013A5-83C3-4BB5-BF3F-98DEA2D5CAA4}"
EndProject
Project("{FAE04EC0-301F-11D3-BF4B-00C04F79EFBC}") = "WCF_Demo.Services", "WCF_Demo.Services\WCF_Demo.Services.csproj", "{8D456CCC-50C3-4FC1-958D-4A88FA91136B}"
EndProject
Project("{FAE04EC0-301F-11D3-BF4B-00C04F79EFBC}") = "WCF_Demo.Data", "WCF_Demo.Data\WCF_Demo.Data.csproj", "{6BF1F946-A467-48A5-AFE3-12D9DB5DBE71}"
EndProject
Project("{FAE04EC0-301F-11D3-BF4B-00C04F79EFBC}") = "WCF_Demo.Hosts", "WCF_Demo.Hosts\WCF_Demo.Hosts.csproj", "{FFE489AF-8D57-4125-800D-D1D267D51DCB}"
EndProject
Project("{FAE04EC0-301F-11D3-BF4B-00C04F79EFBC}") = "WCF_Demo.WebHosts", "WCF_Demo.WebHosts\WCF_Demo.WebHosts.csproj", "{35F569B7-52A7-4813-BF60-B4969930AB66}"
EndProject
Global
	GlobalSection(SolutionConfigurationPlatforms) = preSolution
		Debug|Any CPU = Debug|Any CPU
		Release|Any CPU = Release|Any CPU
	EndGlobalSection
	GlobalSection(ProjectConfigurationPlatforms) = postSolution
		{BE8A45BA-AABD-411C-81A4-B92DD86EC340}.Debug|Any CPU.ActiveCfg = Debug|Any CPU
		{BE8A45BA-AABD-411C-81A4-B92DD86EC340}.Debug|Any CPU.Build.0 = Debug|Any CPU
		{BE8A45BA-AABD-411C-81A4-B92DD86EC340}.Release|Any CPU.ActiveCfg = Release|Any CPU
		{BE8A45BA-AABD-411C-81A4-B92DD86EC340}.Release|Any CPU.Build.0 = Release|Any CPU
		{CA5013A5-83C3-4BB5-BF3F-98DEA2D5CAA4}.Debug|Any CPU.ActiveCfg = Debug|Any CPU
		{CA5013A5-83C3-4BB5-BF3F-98DEA2D5CAA4}.Debug|Any CPU.Build.0 = Debug|Any CPU
		{CA5013A5-83C3-4BB5-BF3F-98DEA2D5CAA4}.Release|Any CPU.ActiveCfg = Release|Any CPU
		{CA5013A5-83C3-4BB5-BF3F-98DEA2D5CAA4}.Release|Any CPU.Build.0 = Release|Any CPU
		{8D456CCC-50C3-4FC1-958D-4A88FA91136B}.Debug|Any CPU.ActiveCfg = Debug|Any CPU
		{8D456CCC-50C3-4FC1-958D-4A88FA91136B}.Debug|Any CPU.Build.0 = Debug|Any CPU
		{8D456CCC-50C3-4FC1-958D-4A88FA91136B}.Release|Any CPU.ActiveCfg = Release|Any CPU
		{8D456CCC-50C3-4FC1-958D-4A88FA91136B}.Release|Any CPU.Build.0 = Release|Any CPU
		{6BF1F946-A467-48A5-AFE3-12D9DB5DBE71}.Debug|Any CPU.ActiveCfg = Debug|Any CPU
		{6BF1F946-A467-48A5-AFE3-12D9DB5DBE71}.Debug|Any CPU.Build.0 = Debug|Any CPU
		{6BF1F946-A467-48A5-AFE3-12D9DB5DBE71}.Release|Any CPU.ActiveCfg = Release|Any CPU
		{6BF1F946-A467-48A5-AFE3-12D9DB5DBE71}.Release|Any CPU.Build.0 = Release|Any CPU
		{FFE489AF-8D57-4125-800D-D1D267D51DCB}.Debug|Any CPU.ActiveCfg = Debug|Any CPU
		{FFE489AF-8D57-4125-800D-D1D267D51DCB}.Debug|Any CPU.Build.0 = Debug|Any CPU
		{FFE489AF-8D57-4125-800D-D1D267D51DCB}.Release|Any CPU.ActiveCfg = Release|Any CPU
		{FFE489AF-8D57-4125-800D-D1D267D51DCB}.Release|Any CPU.Build.0 = Release|Any CPU
		{35F569B7-52A7-4813-BF60-B4969930AB66}.Debug|Any CPU.ActiveCfg = Debug|Any CPU
		{35F569B7-52A7-4813-BF60-B4969930AB66}.Debug|Any CPU.Build.0 = Debug|Any CPU
		{35F569B7-52A7-4813-BF60-B4969930AB66}.Release|Any CPU.ActiveCfg = Release|Any CPU
		{35F569B7-52A7-4813-BF60-B4969930AB66}.Release|Any CPU.Build.0 = Release|Any CPU
	EndGlobalSection
	GlobalSection(SolutionProperties) = preSolution
		HideSolutionNode = FALSE
	EndGlobalSection
	GlobalSection(ExtensibilityGlobals) = postSolution
		SolutionGuid = {8FF09C25-9D95-4D00-A838-AAFFB0FF97DF}
	EndGlobalSection
EndGlobal
